
Microsoft Visual Studio Solution File, Format Version 12.00
Project("{FAE04EC0-301F-11D3-BF4B-00C04F79EFBC}") = "Films.API", "Films.API\Films.API.csproj", "{8C91B590-7FD7-46AA-A34A-6A4D09A0BC9C}"
EndProject
Project("{FAE04EC0-301F-11D3-BF4B-00C04F79EFBC}") = "Films.Infrastructure", "Films.Infrastructure\Films.Infrastructure.csproj", "{7B56086C-9FA8-4B4E-A2B0-B2DC27990C34}"
EndProject
Project("{FAE04EC0-301F-11D3-BF4B-00C04F79EFBC}") = "Films.Core", "Films.Core\Films.Core.csproj", "{3DCC9533-8898-4241-B8EC-504F0DBD0B2F}"
EndProject
Project("{FAE04EC0-301F-11D3-BF4B-00C04F79EFBC}") = "Films.Domain", "Films.Domain\Films.Domain.csproj", "{904C56F6-4160-4A1B-BA15-002D574FAE1F}"
EndProject
Project("{FAE04EC0-301F-11D3-BF4B-00C04F79EFBC}") = "Films.DTOs", "Films.DTOs\Films.DTOs.csproj", "{5B5FACA7-DABE-472C-8813-85A8C18A6A4D}"
EndProject
Project("{2150E333-8FDC-42A3-9474-1A3956D46DE8}") = "Identity", "Identity", "{1777E05F-05BC-439B-9848-8494967590E2}"
EndProject
Project("{FAE04EC0-301F-11D3-BF4B-00C04F79EFBC}") = "Identity.API", "Identity.API\Identity.API.csproj", "{AE26ACCE-6A8C-46E8-8A21-6D0AB454C465}"
EndProject
Project("{FAE04EC0-301F-11D3-BF4B-00C04F79EFBC}") = "Identity.Core", "Identity.Core\Identity.Core.csproj", "{7D2ECC79-7725-42F2-856D-939A53230C21}"
EndProject
Project("{FAE04EC0-301F-11D3-BF4B-00C04F79EFBC}") = "Identity.Domain", "Identity.Domain\Identity.Domain.csproj", "{56826CEA-DBA9-42AD-ABC1-9D4D0F22E84C}"
EndProject
Project("{FAE04EC0-301F-11D3-BF4B-00C04F79EFBC}") = "Identity.DTOs", "Identity.DTOs\Identity.DTOs.csproj", "{621C6524-6993-4D9C-B084-A2BFACA0A366}"
EndProject
Project("{FAE04EC0-301F-11D3-BF4B-00C04F79EFBC}") = "Identity.Infrastruture", "Identity.Infrastruture\Identity.Infrastruture.csproj", "{B6D90487-5384-48F9-A278-EEE49392B9F2}"
EndProject
Global
	GlobalSection(SolutionConfigurationPlatforms) = preSolution
		Debug|Any CPU = Debug|Any CPU
		Release|Any CPU = Release|Any CPU
	EndGlobalSection
	GlobalSection(ProjectConfigurationPlatforms) = postSolution
		{8C91B590-7FD7-46AA-A34A-6A4D09A0BC9C}.Debug|Any CPU.ActiveCfg = Debug|Any CPU
		{8C91B590-7FD7-46AA-A34A-6A4D09A0BC9C}.Debug|Any CPU.Build.0 = Debug|Any CPU
		{8C91B590-7FD7-46AA-A34A-6A4D09A0BC9C}.Release|Any CPU.ActiveCfg = Release|Any CPU
		{8C91B590-7FD7-46AA-A34A-6A4D09A0BC9C}.Release|Any CPU.Build.0 = Release|Any CPU
		{7B56086C-9FA8-4B4E-A2B0-B2DC27990C34}.Debug|Any CPU.ActiveCfg = Debug|Any CPU
		{7B56086C-9FA8-4B4E-A2B0-B2DC27990C34}.Debug|Any CPU.Build.0 = Debug|Any CPU
		{7B56086C-9FA8-4B4E-A2B0-B2DC27990C34}.Release|Any CPU.ActiveCfg = Release|Any CPU
		{7B56086C-9FA8-4B4E-A2B0-B2DC27990C34}.Release|Any CPU.Build.0 = Release|Any CPU
		{3DCC9533-8898-4241-B8EC-504F0DBD0B2F}.Debug|Any CPU.ActiveCfg = Debug|Any CPU
		{3DCC9533-8898-4241-B8EC-504F0DBD0B2F}.Debug|Any CPU.Build.0 = Debug|Any CPU
		{3DCC9533-8898-4241-B8EC-504F0DBD0B2F}.Release|Any CPU.ActiveCfg = Release|Any CPU
		{3DCC9533-8898-4241-B8EC-504F0DBD0B2F}.Release|Any CPU.Build.0 = Release|Any CPU
		{904C56F6-4160-4A1B-BA15-002D574FAE1F}.Debug|Any CPU.ActiveCfg = Debug|Any CPU
		{904C56F6-4160-4A1B-BA15-002D574FAE1F}.Debug|Any CPU.Build.0 = Debug|Any CPU
		{904C56F6-4160-4A1B-BA15-002D574FAE1F}.Release|Any CPU.ActiveCfg = Release|Any CPU
		{904C56F6-4160-4A1B-BA15-002D574FAE1F}.Release|Any CPU.Build.0 = Release|Any CPU
		{5B5FACA7-DABE-472C-8813-85A8C18A6A4D}.Debug|Any CPU.ActiveCfg = Debug|Any CPU
		{5B5FACA7-DABE-472C-8813-85A8C18A6A4D}.Debug|Any CPU.Build.0 = Debug|Any CPU
		{5B5FACA7-DABE-472C-8813-85A8C18A6A4D}.Release|Any CPU.ActiveCfg = Release|Any CPU
		{5B5FACA7-DABE-472C-8813-85A8C18A6A4D}.Release|Any CPU.Build.0 = Release|Any CPU
		{AE26ACCE-6A8C-46E8-8A21-6D0AB454C465}.Debug|Any CPU.ActiveCfg = Debug|Any CPU
		{AE26ACCE-6A8C-46E8-8A21-6D0AB454C465}.Debug|Any CPU.Build.0 = Debug|Any CPU
		{AE26ACCE-6A8C-46E8-8A21-6D0AB454C465}.Release|Any CPU.ActiveCfg = Release|Any CPU
		{AE26ACCE-6A8C-46E8-8A21-6D0AB454C465}.Release|Any CPU.Build.0 = Release|Any CPU
		{7D2ECC79-7725-42F2-856D-939A53230C21}.Debug|Any CPU.ActiveCfg = Debug|Any CPU
		{7D2ECC79-7725-42F2-856D-939A53230C21}.Debug|Any CPU.Build.0 = Debug|Any CPU
		{7D2ECC79-7725-42F2-856D-939A53230C21}.Release|Any CPU.ActiveCfg = Release|Any CPU
		{7D2ECC79-7725-42F2-856D-939A53230C21}.Release|Any CPU.Build.0 = Release|Any CPU
		{56826CEA-DBA9-42AD-ABC1-9D4D0F22E84C}.Debug|Any CPU.ActiveCfg = Debug|Any CPU
		{56826CEA-DBA9-42AD-ABC1-9D4D0F22E84C}.Debug|Any CPU.Build.0 = Debug|Any CPU
		{56826CEA-DBA9-42AD-ABC1-9D4D0F22E84C}.Release|Any CPU.ActiveCfg = Release|Any CPU
		{56826CEA-DBA9-42AD-ABC1-9D4D0F22E84C}.Release|Any CPU.Build.0 = Release|Any CPU
		{621C6524-6993-4D9C-B084-A2BFACA0A366}.Debug|Any CPU.ActiveCfg = Debug|Any CPU
		{621C6524-6993-4D9C-B084-A2BFACA0A366}.Debug|Any CPU.Build.0 = Debug|Any CPU
		{621C6524-6993-4D9C-B084-A2BFACA0A366}.Release|Any CPU.ActiveCfg = Release|Any CPU
		{621C6524-6993-4D9C-B084-A2BFACA0A366}.Release|Any CPU.Build.0 = Release|Any CPU
		{B6D90487-5384-48F9-A278-EEE49392B9F2}.Debug|Any CPU.ActiveCfg = Debug|Any CPU
		{B6D90487-5384-48F9-A278-EEE49392B9F2}.Debug|Any CPU.Build.0 = Debug|Any CPU
		{B6D90487-5384-48F9-A278-EEE49392B9F2}.Release|Any CPU.ActiveCfg = Release|Any CPU
		{B6D90487-5384-48F9-A278-EEE49392B9F2}.Release|Any CPU.Build.0 = Release|Any CPU
	EndGlobalSection
	GlobalSection(NestedProjects) = preSolution
		{AE26ACCE-6A8C-46E8-8A21-6D0AB454C465} = {1777E05F-05BC-439B-9848-8494967590E2}
		{7D2ECC79-7725-42F2-856D-939A53230C21} = {1777E05F-05BC-439B-9848-8494967590E2}
		{56826CEA-DBA9-42AD-ABC1-9D4D0F22E84C} = {1777E05F-05BC-439B-9848-8494967590E2}
		{621C6524-6993-4D9C-B084-A2BFACA0A366} = {1777E05F-05BC-439B-9848-8494967590E2}
		{B6D90487-5384-48F9-A278-EEE49392B9F2} = {1777E05F-05BC-439B-9848-8494967590E2}
	EndGlobalSection
EndGlobal
